// !$*UTF8*$!
{
	archiveVersion = 1;
	classes = {
	};
	objectVersion = 46;
	objects = {

/* Begin PBXBuildFile section */
		AF19551D196CA375008833BF /* MBDiscartableObject.m in Sources */ = {isa = PBXBuildFile; fileRef = AF19551C196CA375008833BF /* MBDiscartableObject.m */; };
		AF1C76F4196C9C3000DDEA01 /* MBCache.m in Sources */ = {isa = PBXBuildFile; fileRef = AF1C76F3196C9C3000DDEA01 /* MBCache.m */; };
		AF1C76F7196CA0C700DDEA01 /* MBDiscartableCache.m in Sources */ = {isa = PBXBuildFile; fileRef = AF1C76F6196CA0C700DDEA01 /* MBDiscartableCache.m */; };
		AF88A587196994240095B205 /* MBAssetsFolderUtils.m in Sources */ = {isa = PBXBuildFile; fileRef = AF9EC3FE1960503C004D0A5A /* MBAssetsFolderUtils.m */; };
		AF88A58A196994360095B205 /* MBRssParser.m in Sources */ = {isa = PBXBuildFile; fileRef = AF88A589196994360095B205 /* MBRssParser.m */; };
		AF88A58D196994800095B205 /* XMLDictionary.m in Sources */ = {isa = PBXBuildFile; fileRef = AF88A58C196994800095B205 /* XMLDictionary.m */; settings = {COMPILER_FLAGS = "-fobjc-arc"; }; };
		AF88A5911969A03F0095B205 /* MBStringSubstitution.m in Sources */ = {isa = PBXBuildFile; fileRef = AF88A5901969A03F0095B205 /* MBStringSubstitution.m */; };
		AF88A5941969AED80095B205 /* UIWebView+MBWebViewYouTubeVideo.m in Sources */ = {isa = PBXBuildFile; fileRef = AF88A5931969AED80095B205 /* UIWebView+MBWebViewYouTubeVideo.m */; };
		AF9EC3CF19604FFF004D0A5A /* Foundation.framework in Frameworks */ = {isa = PBXBuildFile; fileRef = AF9EC3CE19604FFF004D0A5A /* Foundation.framework */; };
		AF9EC3D119604FFF004D0A5A /* CoreGraphics.framework in Frameworks */ = {isa = PBXBuildFile; fileRef = AF9EC3D019604FFF004D0A5A /* CoreGraphics.framework */; };
		AF9EC3D319604FFF004D0A5A /* UIKit.framework in Frameworks */ = {isa = PBXBuildFile; fileRef = AF9EC3D219604FFF004D0A5A /* UIKit.framework */; };
		AF9EC3D919604FFF004D0A5A /* InfoPlist.strings in Resources */ = {isa = PBXBuildFile; fileRef = AF9EC3D719604FFF004D0A5A /* InfoPlist.strings */; };
		AF9EC3DB19604FFF004D0A5A /* main.m in Sources */ = {isa = PBXBuildFile; fileRef = AF9EC3DA19604FFF004D0A5A /* main.m */; };
		AF9EC3DF19604FFF004D0A5A /* MBAppDelegate.m in Sources */ = {isa = PBXBuildFile; fileRef = AF9EC3DE19604FFF004D0A5A /* MBAppDelegate.m */; };
		AF9EC3E119604FFF004D0A5A /* Images.xcassets in Resources */ = {isa = PBXBuildFile; fileRef = AF9EC3E019604FFF004D0A5A /* Images.xcassets */; };
		AF9EC3E819604FFF004D0A5A /* XCTest.framework in Frameworks */ = {isa = PBXBuildFile; fileRef = AF9EC3E719604FFF004D0A5A /* XCTest.framework */; };
		AF9EC3E919604FFF004D0A5A /* Foundation.framework in Frameworks */ = {isa = PBXBuildFile; fileRef = AF9EC3CE19604FFF004D0A5A /* Foundation.framework */; };
		AF9EC3EA19604FFF004D0A5A /* UIKit.framework in Frameworks */ = {isa = PBXBuildFile; fileRef = AF9EC3D219604FFF004D0A5A /* UIKit.framework */; };
		AF9EC3F219604FFF004D0A5A /* InfoPlist.strings in Resources */ = {isa = PBXBuildFile; fileRef = AF9EC3F019604FFF004D0A5A /* InfoPlist.strings */; };
		AF9EC3F419604FFF004D0A5A /* MBUtilsTests.m in Sources */ = {isa = PBXBuildFile; fileRef = AF9EC3F319604FFF004D0A5A /* MBUtilsTests.m */; };
		AFF461B519B314CE00588E9B /* Base64.m in Sources */ = {isa = PBXBuildFile; fileRef = AFF461AC19B314CE00588E9B /* Base64.m */; settings = {COMPILER_FLAGS = "-fobjc-arc"; }; };
		AFF461B619B314CE00588E9B /* MBImageGallery.m in Sources */ = {isa = PBXBuildFile; fileRef = AFF461AE19B314CE00588E9B /* MBImageGallery.m */; };
		AFF461B719B314CE00588E9B /* MBLazyLoadingImageView.m in Sources */ = {isa = PBXBuildFile; fileRef = AFF461B019B314CE00588E9B /* MBLazyLoadingImageView.m */; };
		AFF461B819B314CE00588E9B /* NSData+MD5.m in Sources */ = {isa = PBXBuildFile; fileRef = AFF461B219B314CE00588E9B /* NSData+MD5.m */; };
		AFF461B919B314CE00588E9B /* NSString+MD5.m in Sources */ = {isa = PBXBuildFile; fileRef = AFF461B419B314CE00588E9B /* NSString+MD5.m */; };
/* End PBXBuildFile section */

/* Begin PBXContainerItemProxy section */
		AF9EC3EB19604FFF004D0A5A /* PBXContainerItemProxy */ = {
			isa = PBXContainerItemProxy;
			containerPortal = AF9EC3C319604FFF004D0A5A /* Project object */;
			proxyType = 1;
			remoteGlobalIDString = AF9EC3CA19604FFF004D0A5A;
			remoteInfo = MBUtils;
		};
/* End PBXContainerItemProxy section */

/* Begin PBXFileReference section */
		AF19551B196CA375008833BF /* MBDiscartableObject.h */ = {isa = PBXFileReference; fileEncoding = 4; lastKnownFileType = sourcecode.c.h; path = MBDiscartableObject.h; sourceTree = "<group>"; };
		AF19551C196CA375008833BF /* MBDiscartableObject.m */ = {isa = PBXFileReference; fileEncoding = 4; lastKnownFileType = sourcecode.c.objc; path = MBDiscartableObject.m; sourceTree = "<group>"; };
		AF1C76F2196C9C3000DDEA01 /* MBCache.h */ = {isa = PBXFileReference; fileEncoding = 4; lastKnownFileType = sourcecode.c.h; path = MBCache.h; sourceTree = "<group>"; };
		AF1C76F3196C9C3000DDEA01 /* MBCache.m */ = {isa = PBXFileReference; fileEncoding = 4; lastKnownFileType = sourcecode.c.objc; path = MBCache.m; sourceTree = "<group>"; };
		AF1C76F5196CA0C700DDEA01 /* MBDiscartableCache.h */ = {isa = PBXFileReference; fileEncoding = 4; lastKnownFileType = sourcecode.c.h; path = MBDiscartableCache.h; sourceTree = "<group>"; };
		AF1C76F6196CA0C700DDEA01 /* MBDiscartableCache.m */ = {isa = PBXFileReference; fileEncoding = 4; lastKnownFileType = sourcecode.c.objc; path = MBDiscartableCache.m; sourceTree = "<group>"; };
		AF88A588196994360095B205 /* MBRssParser.h */ = {isa = PBXFileReference; fileEncoding = 4; lastKnownFileType = sourcecode.c.h; path = MBRssParser.h; sourceTree = "<group>"; };
		AF88A589196994360095B205 /* MBRssParser.m */ = {isa = PBXFileReference; fileEncoding = 4; lastKnownFileType = sourcecode.c.objc; path = MBRssParser.m; sourceTree = "<group>"; };
		AF88A58B196994800095B205 /* XMLDictionary.h */ = {isa = PBXFileReference; fileEncoding = 4; lastKnownFileType = sourcecode.c.h; path = XMLDictionary.h; sourceTree = "<group>"; };
		AF88A58C196994800095B205 /* XMLDictionary.m */ = {isa = PBXFileReference; fileEncoding = 4; lastKnownFileType = sourcecode.c.objc; path = XMLDictionary.m; sourceTree = "<group>"; };
		AF88A58F1969A03F0095B205 /* MBStringSubstitution.h */ = {isa = PBXFileReference; fileEncoding = 4; lastKnownFileType = sourcecode.c.h; path = MBStringSubstitution.h; sourceTree = "<group>"; };
		AF88A5901969A03F0095B205 /* MBStringSubstitution.m */ = {isa = PBXFileReference; fileEncoding = 4; lastKnownFileType = sourcecode.c.objc; path = MBStringSubstitution.m; sourceTree = "<group>"; };
		AF88A5921969AED80095B205 /* UIWebView+MBWebViewYouTubeVideo.h */ = {isa = PBXFileReference; fileEncoding = 4; lastKnownFileType = sourcecode.c.h; path = "UIWebView+MBWebViewYouTubeVideo.h"; sourceTree = "<group>"; };
		AF88A5931969AED80095B205 /* UIWebView+MBWebViewYouTubeVideo.m */ = {isa = PBXFileReference; fileEncoding = 4; lastKnownFileType = sourcecode.c.objc; path = "UIWebView+MBWebViewYouTubeVideo.m"; sourceTree = "<group>"; };
		AF9EC3CB19604FFF004D0A5A /* MBUtils.app */ = {isa = PBXFileReference; explicitFileType = wrapper.application; includeInIndex = 0; path = MBUtils.app; sourceTree = BUILT_PRODUCTS_DIR; };
		AF9EC3CE19604FFF004D0A5A /* Foundation.framework */ = {isa = PBXFileReference; lastKnownFileType = wrapper.framework; name = Foundation.framework; path = System/Library/Frameworks/Foundation.framework; sourceTree = SDKROOT; };
		AF9EC3D019604FFF004D0A5A /* CoreGraphics.framework */ = {isa = PBXFileReference; lastKnownFileType = wrapper.framework; name = CoreGraphics.framework; path = System/Library/Frameworks/CoreGraphics.framework; sourceTree = SDKROOT; };
		AF9EC3D219604FFF004D0A5A /* UIKit.framework */ = {isa = PBXFileReference; lastKnownFileType = wrapper.framework; name = UIKit.framework; path = System/Library/Frameworks/UIKit.framework; sourceTree = SDKROOT; };
		AF9EC3D619604FFF004D0A5A /* MBUtils-Info.plist */ = {isa = PBXFileReference; lastKnownFileType = text.plist.xml; path = "MBUtils-Info.plist"; sourceTree = "<group>"; };
		AF9EC3D819604FFF004D0A5A /* en */ = {isa = PBXFileReference; lastKnownFileType = text.plist.strings; name = en; path = en.lproj/InfoPlist.strings; sourceTree = "<group>"; };
		AF9EC3DA19604FFF004D0A5A /* main.m */ = {isa = PBXFileReference; lastKnownFileType = sourcecode.c.objc; path = main.m; sourceTree = "<group>"; };
		AF9EC3DC19604FFF004D0A5A /* MBUtils-Prefix.pch */ = {isa = PBXFileReference; lastKnownFileType = sourcecode.c.h; path = "MBUtils-Prefix.pch"; sourceTree = "<group>"; };
		AF9EC3DD19604FFF004D0A5A /* MBAppDelegate.h */ = {isa = PBXFileReference; lastKnownFileType = sourcecode.c.h; path = MBAppDelegate.h; sourceTree = "<group>"; };
		AF9EC3DE19604FFF004D0A5A /* MBAppDelegate.m */ = {isa = PBXFileReference; lastKnownFileType = sourcecode.c.objc; path = MBAppDelegate.m; sourceTree = "<group>"; };
		AF9EC3E019604FFF004D0A5A /* Images.xcassets */ = {isa = PBXFileReference; lastKnownFileType = folder.assetcatalog; path = Images.xcassets; sourceTree = "<group>"; };
		AF9EC3E619604FFF004D0A5A /* MBUtilsTests.xctest */ = {isa = PBXFileReference; explicitFileType = wrapper.cfbundle; includeInIndex = 0; path = MBUtilsTests.xctest; sourceTree = BUILT_PRODUCTS_DIR; };
		AF9EC3E719604FFF004D0A5A /* XCTest.framework */ = {isa = PBXFileReference; lastKnownFileType = wrapper.framework; name = XCTest.framework; path = Library/Frameworks/XCTest.framework; sourceTree = DEVELOPER_DIR; };
		AF9EC3EF19604FFF004D0A5A /* MBUtilsTests-Info.plist */ = {isa = PBXFileReference; lastKnownFileType = text.plist.xml; path = "MBUtilsTests-Info.plist"; sourceTree = "<group>"; };
		AF9EC3F119604FFF004D0A5A /* en */ = {isa = PBXFileReference; lastKnownFileType = text.plist.strings; name = en; path = en.lproj/InfoPlist.strings; sourceTree = "<group>"; };
		AF9EC3F319604FFF004D0A5A /* MBUtilsTests.m */ = {isa = PBXFileReference; lastKnownFileType = sourcecode.c.objc; path = MBUtilsTests.m; sourceTree = "<group>"; };
		AF9EC3FD1960503C004D0A5A /* MBAssetsFolderUtils.h */ = {isa = PBXFileReference; fileEncoding = 4; lastKnownFileType = sourcecode.c.h; path = MBAssetsFolderUtils.h; sourceTree = "<group>"; };
		AF9EC3FE1960503C004D0A5A /* MBAssetsFolderUtils.m */ = {isa = PBXFileReference; fileEncoding = 4; lastKnownFileType = sourcecode.c.objc; path = MBAssetsFolderUtils.m; sourceTree = "<group>"; };
		AFF461AB19B314A000588E9B /* Base64.h */ = {isa = PBXFileReference; fileEncoding = 4; lastKnownFileType = sourcecode.c.h; path = Base64.h; sourceTree = "<group>"; };
		AFF461AC19B314CE00588E9B /* Base64.m */ = {isa = PBXFileReference; fileEncoding = 4; lastKnownFileType = sourcecode.c.objc; path = Base64.m; sourceTree = "<group>"; };
		AFF461AD19B314CE00588E9B /* MBImageGallery.h */ = {isa = PBXFileReference; fileEncoding = 4; lastKnownFileType = sourcecode.c.h; path = MBImageGallery.h; sourceTree = "<group>"; };
		AFF461AE19B314CE00588E9B /* MBImageGallery.m */ = {isa = PBXFileReference; fileEncoding = 4; lastKnownFileType = sourcecode.c.objc; path = MBImageGallery.m; sourceTree = "<group>"; };
		AFF461AF19B314CE00588E9B /* MBLazyLoadingImageView.h */ = {isa = PBXFileReference; fileEncoding = 4; lastKnownFileType = sourcecode.c.h; path = MBLazyLoadingImageView.h; sourceTree = "<group>"; };
		AFF461B019B314CE00588E9B /* MBLazyLoadingImageView.m */ = {isa = PBXFileReference; fileEncoding = 4; lastKnownFileType = sourcecode.c.objc; path = MBLazyLoadingImageView.m; sourceTree = "<group>"; };
		AFF461B119B314CE00588E9B /* NSData+MD5.h */ = {isa = PBXFileReference; fileEncoding = 4; lastKnownFileType = sourcecode.c.h; path = "NSData+MD5.h"; sourceTree = "<group>"; };
		AFF461B219B314CE00588E9B /* NSData+MD5.m */ = {isa = PBXFileReference; fileEncoding = 4; lastKnownFileType = sourcecode.c.objc; path = "NSData+MD5.m"; sourceTree = "<group>"; };
		AFF461B319B314CE00588E9B /* NSString+MD5.h */ = {isa = PBXFileReference; fileEncoding = 4; lastKnownFileType = sourcecode.c.h; path = "NSString+MD5.h"; sourceTree = "<group>"; };
		AFF461B419B314CE00588E9B /* NSString+MD5.m */ = {isa = PBXFileReference; fileEncoding = 4; lastKnownFileType = sourcecode.c.objc; path = "NSString+MD5.m"; sourceTree = "<group>"; };
/* End PBXFileReference section */

/* Begin PBXFrameworksBuildPhase section */
		AF9EC3C819604FFF004D0A5A /* Frameworks */ = {
			isa = PBXFrameworksBuildPhase;
			buildActionMask = 2147483647;
			files = (
				AF9EC3D119604FFF004D0A5A /* CoreGraphics.framework in Frameworks */,
				AF9EC3D319604FFF004D0A5A /* UIKit.framework in Frameworks */,
				AF9EC3CF19604FFF004D0A5A /* Foundation.framework in Frameworks */,
			);
			runOnlyForDeploymentPostprocessing = 0;
		};
		AF9EC3E319604FFF004D0A5A /* Frameworks */ = {
			isa = PBXFrameworksBuildPhase;
			buildActionMask = 2147483647;
			files = (
				AF9EC3E819604FFF004D0A5A /* XCTest.framework in Frameworks */,
				AF9EC3EA19604FFF004D0A5A /* UIKit.framework in Frameworks */,
				AF9EC3E919604FFF004D0A5A /* Foundation.framework in Frameworks */,
			);
			runOnlyForDeploymentPostprocessing = 0;
		};
/* End PBXFrameworksBuildPhase section */

/* Begin PBXGroup section */
		AF9EC3C219604FFF004D0A5A = {
			isa = PBXGroup;
			children = (
				AF9EC3D419604FFF004D0A5A /* MBUtils */,
				AF9EC3ED19604FFF004D0A5A /* MBUtilsTests */,
				AF9EC3CD19604FFF004D0A5A /* Frameworks */,
				AF9EC3CC19604FFF004D0A5A /* Products */,
			);
			sourceTree = "<group>";
		};
		AF9EC3CC19604FFF004D0A5A /* Products */ = {
			isa = PBXGroup;
			children = (
				AF9EC3CB19604FFF004D0A5A /* MBUtils.app */,
				AF9EC3E619604FFF004D0A5A /* MBUtilsTests.xctest */,
			);
			name = Products;
			sourceTree = "<group>";
		};
		AF9EC3CD19604FFF004D0A5A /* Frameworks */ = {
			isa = PBXGroup;
			children = (
				AF9EC3CE19604FFF004D0A5A /* Foundation.framework */,
				AF9EC3D019604FFF004D0A5A /* CoreGraphics.framework */,
				AF9EC3D219604FFF004D0A5A /* UIKit.framework */,
				AF9EC3E719604FFF004D0A5A /* XCTest.framework */,
			);
			name = Frameworks;
			sourceTree = "<group>";
		};
		AF9EC3D419604FFF004D0A5A /* MBUtils */ = {
			isa = PBXGroup;
			children = (
				AFF461AB19B314A000588E9B /* Base64.h */,
				AFF461AC19B314CE00588E9B /* Base64.m */,
				AF9EC3E019604FFF004D0A5A /* Images.xcassets */,
				AF9EC3DD19604FFF004D0A5A /* MBAppDelegate.h */,
				AF9EC3DE19604FFF004D0A5A /* MBAppDelegate.m */,
				AF9EC3FD1960503C004D0A5A /* MBAssetsFolderUtils.h */,
				AF9EC3FE1960503C004D0A5A /* MBAssetsFolderUtils.m */,
				AF1C76F2196C9C3000DDEA01 /* MBCache.h */,
				AF1C76F3196C9C3000DDEA01 /* MBCache.m */,
				AF1C76F5196CA0C700DDEA01 /* MBDiscartableCache.h */,
				AF1C76F6196CA0C700DDEA01 /* MBDiscartableCache.m */,
				AF19551B196CA375008833BF /* MBDiscartableObject.h */,
				AF19551C196CA375008833BF /* MBDiscartableObject.m */,
				AFF461AD19B314CE00588E9B /* MBImageGallery.h */,
				AFF461AE19B314CE00588E9B /* MBImageGallery.m */,
				AFF461AF19B314CE00588E9B /* MBLazyLoadingImageView.h */,
				AFF461B019B314CE00588E9B /* MBLazyLoadingImageView.m */,
				AF88A588196994360095B205 /* MBRssParser.h */,
				AF88A589196994360095B205 /* MBRssParser.m */,
				AF88A58F1969A03F0095B205 /* MBStringSubstitution.h */,
				AF88A5901969A03F0095B205 /* MBStringSubstitution.m */,
				AFF461B119B314CE00588E9B /* NSData+MD5.h */,
				AFF461B219B314CE00588E9B /* NSData+MD5.m */,
				AFF461B319B314CE00588E9B /* NSString+MD5.h */,
				AFF461B419B314CE00588E9B /* NSString+MD5.m */,
				AF9EC3D519604FFF004D0A5A /* Supporting Files */,
				AF88A5921969AED80095B205 /* UIWebView+MBWebViewYouTubeVideo.h */,
				AF88A5931969AED80095B205 /* UIWebView+MBWebViewYouTubeVideo.m */,
				AF88A58B196994800095B205 /* XMLDictionary.h */,
				AF88A58C196994800095B205 /* XMLDictionary.m */,
			);
			path = MBUtils;
			sourceTree = "<group>";
		};
		AF9EC3D519604FFF004D0A5A /* Supporting Files */ = {
			isa = PBXGroup;
			children = (
				AF9EC3D619604FFF004D0A5A /* MBUtils-Info.plist */,
				AF9EC3D719604FFF004D0A5A /* InfoPlist.strings */,
				AF9EC3DA19604FFF004D0A5A /* main.m */,
				AF9EC3DC19604FFF004D0A5A /* MBUtils-Prefix.pch */,
			);
			name = "Supporting Files";
			sourceTree = "<group>";
		};
		AF9EC3ED19604FFF004D0A5A /* MBUtilsTests */ = {
			isa = PBXGroup;
			children = (
				AF9EC3F319604FFF004D0A5A /* MBUtilsTests.m */,
				AF9EC3EE19604FFF004D0A5A /* Supporting Files */,
			);
			path = MBUtilsTests;
			sourceTree = "<group>";
		};
		AF9EC3EE19604FFF004D0A5A /* Supporting Files */ = {
			isa = PBXGroup;
			children = (
				AF9EC3EF19604FFF004D0A5A /* MBUtilsTests-Info.plist */,
				AF9EC3F019604FFF004D0A5A /* InfoPlist.strings */,
			);
			name = "Supporting Files";
			sourceTree = "<group>";
		};
/* End PBXGroup section */

/* Begin PBXNativeTarget section */
		AF9EC3CA19604FFF004D0A5A /* MBUtils */ = {
			isa = PBXNativeTarget;
			buildConfigurationList = AF9EC3F719604FFF004D0A5A /* Build configuration list for PBXNativeTarget "MBUtils" */;
			buildPhases = (
				AF9EC3C719604FFF004D0A5A /* Sources */,
				AF9EC3C819604FFF004D0A5A /* Frameworks */,
				AF9EC3C919604FFF004D0A5A /* Resources */,
			);
			buildRules = (
			);
			dependencies = (
			);
			name = MBUtils;
			productName = MBUtils;
			productReference = AF9EC3CB19604FFF004D0A5A /* MBUtils.app */;
			productType = "com.apple.product-type.application";
		};
		AF9EC3E519604FFF004D0A5A /* MBUtilsTests */ = {
			isa = PBXNativeTarget;
			buildConfigurationList = AF9EC3FA19604FFF004D0A5A /* Build configuration list for PBXNativeTarget "MBUtilsTests" */;
			buildPhases = (
				AF9EC3E219604FFF004D0A5A /* Sources */,
				AF9EC3E319604FFF004D0A5A /* Frameworks */,
				AF9EC3E419604FFF004D0A5A /* Resources */,
			);
			buildRules = (
			);
			dependencies = (
				AF9EC3EC19604FFF004D0A5A /* PBXTargetDependency */,
			);
			name = MBUtilsTests;
			productName = MBUtilsTests;
			productReference = AF9EC3E619604FFF004D0A5A /* MBUtilsTests.xctest */;
			productType = "com.apple.product-type.bundle.unit-test";
		};
/* End PBXNativeTarget section */

/* Begin PBXProject section */
		AF9EC3C319604FFF004D0A5A /* Project object */ = {
			isa = PBXProject;
			attributes = {
				CLASSPREFIX = MB;
				LastUpgradeCheck = 0510;
				ORGANIZATIONNAME = "Matteo Battistini";
				TargetAttributes = {
					AF9EC3E519604FFF004D0A5A = {
						TestTargetID = AF9EC3CA19604FFF004D0A5A;
					};
				};
			};
			buildConfigurationList = AF9EC3C619604FFF004D0A5A /* Build configuration list for PBXProject "MBUtils" */;
			compatibilityVersion = "Xcode 3.2";
			developmentRegion = English;
			hasScannedForEncodings = 0;
			knownRegions = (
				en,
			);
			mainGroup = AF9EC3C219604FFF004D0A5A;
			productRefGroup = AF9EC3CC19604FFF004D0A5A /* Products */;
			projectDirPath = "";
			projectRoot = "";
			targets = (
				AF9EC3CA19604FFF004D0A5A /* MBUtils */,
				AF9EC3E519604FFF004D0A5A /* MBUtilsTests */,
			);
		};
/* End PBXProject section */

/* Begin PBXResourcesBuildPhase section */
		AF9EC3C919604FFF004D0A5A /* Resources */ = {
			isa = PBXResourcesBuildPhase;
			buildActionMask = 2147483647;
			files = (
				AF9EC3D919604FFF004D0A5A /* InfoPlist.strings in Resources */,
				AF9EC3E119604FFF004D0A5A /* Images.xcassets in Resources */,
			);
			runOnlyForDeploymentPostprocessing = 0;
		};
		AF9EC3E419604FFF004D0A5A /* Resources */ = {
			isa = PBXResourcesBuildPhase;
			buildActionMask = 2147483647;
			files = (
				AF9EC3F219604FFF004D0A5A /* InfoPlist.strings in Resources */,
			);
			runOnlyForDeploymentPostprocessing = 0;
		};
/* End PBXResourcesBuildPhase section */

/* Begin PBXSourcesBuildPhase section */
		AF9EC3C719604FFF004D0A5A /* Sources */ = {
			isa = PBXSourcesBuildPhase;
			buildActionMask = 2147483647;
			files = (
				AF88A58D196994800095B205 /* XMLDictionary.m in Sources */,
				AFF461B819B314CE00588E9B /* NSData+MD5.m in Sources */,
				AF88A5911969A03F0095B205 /* MBStringSubstitution.m in Sources */,
				AF88A58A196994360095B205 /* MBRssParser.m in Sources */,
				AF9EC3DB19604FFF004D0A5A /* main.m in Sources */,
				AFF461B719B314CE00588E9B /* MBLazyLoadingImageView.m in Sources */,
				AF9EC3DF19604FFF004D0A5A /* MBAppDelegate.m in Sources */,
				AF88A587196994240095B205 /* MBAssetsFolderUtils.m in Sources */,
				AF19551D196CA375008833BF /* MBDiscartableObject.m in Sources */,
				AF1C76F7196CA0C700DDEA01 /* MBDiscartableCache.m in Sources */,
				AF88A5941969AED80095B205 /* UIWebView+MBWebViewYouTubeVideo.m in Sources */,
				AFF461B619B314CE00588E9B /* MBImageGallery.m in Sources */,
				AFF461B919B314CE00588E9B /* NSString+MD5.m in Sources */,
				AF1C76F4196C9C3000DDEA01 /* MBCache.m in Sources */,
				AFF461B519B314CE00588E9B /* Base64.m in Sources */,
			);
			runOnlyForDeploymentPostprocessing = 0;
		};
		AF9EC3E219604FFF004D0A5A /* Sources */ = {
			isa = PBXSourcesBuildPhase;
			buildActionMask = 2147483647;
			files = (
				AF9EC3F419604FFF004D0A5A /* MBUtilsTests.m in Sources */,
			);
			runOnlyForDeploymentPostprocessing = 0;
		};
/* End PBXSourcesBuildPhase section */

/* Begin PBXTargetDependency section */
		AF9EC3EC19604FFF004D0A5A /* PBXTargetDependency */ = {
			isa = PBXTargetDependency;
			target = AF9EC3CA19604FFF004D0A5A /* MBUtils */;
			targetProxy = AF9EC3EB19604FFF004D0A5A /* PBXContainerItemProxy */;
		};
/* End PBXTargetDependency section */

/* Begin PBXVariantGroup section */
		AF9EC3D719604FFF004D0A5A /* InfoPlist.strings */ = {
			isa = PBXVariantGroup;
			children = (
				AF9EC3D819604FFF004D0A5A /* en */,
			);
			name = InfoPlist.strings;
			sourceTree = "<group>";
		};
		AF9EC3F019604FFF004D0A5A /* InfoPlist.strings */ = {
			isa = PBXVariantGroup;
			children = (
				AF9EC3F119604FFF004D0A5A /* en */,
			);
			name = InfoPlist.strings;
			sourceTree = "<group>";
		};
/* End PBXVariantGroup section */

/* Begin XCBuildConfiguration section */
		AF9EC3F519604FFF004D0A5A /* Debug */ = {
			isa = XCBuildConfiguration;
			buildSettings = {
				ALWAYS_SEARCH_USER_PATHS = NO;
				CLANG_CXX_LANGUAGE_STANDARD = "gnu++0x";
				CLANG_CXX_LIBRARY = "libc++";
				CLANG_ENABLE_MODULES = YES;
				CLANG_ENABLE_OBJC_ARC = YES;
				CLANG_WARN_BOOL_CONVERSION = YES;
				CLANG_WARN_CONSTANT_CONVERSION = YES;
				CLANG_WARN_DIRECT_OBJC_ISA_USAGE = YES_ERROR;
				CLANG_WARN_EMPTY_BODY = YES;
				CLANG_WARN_ENUM_CONVERSION = YES;
				CLANG_WARN_INT_CONVERSION = YES;
				CLANG_WARN_OBJC_ROOT_CLASS = YES_ERROR;
				CLANG_WARN__DUPLICATE_METHOD_MATCH = YES;
				"CODE_SIGN_IDENTITY[sdk=iphoneos*]" = "iPhone Developer";
				COPY_PHASE_STRIP = NO;
				GCC_C_LANGUAGE_STANDARD = gnu99;
				GCC_DYNAMIC_NO_PIC = NO;
				GCC_OPTIMIZATION_LEVEL = 0;
				GCC_PREPROCESSOR_DEFINITIONS = (
					"DEBUG=1",
					"$(inherited)",
				);
				GCC_SYMBOLS_PRIVATE_EXTERN = NO;
				GCC_WARN_64_TO_32_BIT_CONVERSION = YES;
				GCC_WARN_ABOUT_RETURN_TYPE = YES_ERROR;
				GCC_WARN_UNDECLARED_SELECTOR = YES;
				GCC_WARN_UNINITIALIZED_AUTOS = YES_AGGRESSIVE;
				GCC_WARN_UNUSED_FUNCTION = YES;
				GCC_WARN_UNUSED_VARIABLE = YES;
				IPHONEOS_DEPLOYMENT_TARGET = 7.1;
				ONLY_ACTIVE_ARCH = YES;
				SDKROOT = iphoneos;
				TARGETED_DEVICE_FAMILY = "1,2";
			};
			name = Debug;
		};
		AF9EC3F619604FFF004D0A5A /* Release */ = {
			isa = XCBuildConfiguration;
			buildSettings = {
				ALWAYS_SEARCH_USER_PATHS = NO;
				CLANG_CXX_LANGUAGE_STANDARD = "gnu++0x";
				CLANG_CXX_LIBRARY = "libc++";
				CLANG_ENABLE_MODULES = YES;
				CLANG_ENABLE_OBJC_ARC = YES;
				CLANG_WARN_BOOL_CONVERSION = YES;
				CLANG_WARN_CONSTANT_CONVERSION = YES;
				CLANG_WARN_DIRECT_OBJC_ISA_USAGE = YES_ERROR;
				CLANG_WARN_EMPTY_BODY = YES;
				CLANG_WARN_ENUM_CONVERSION = YES;
				CLANG_WARN_INT_CONVERSION = YES;
				CLANG_WARN_OBJC_ROOT_CLASS = YES_ERROR;
				CLANG_WARN__DUPLICATE_METHOD_MATCH = YES;
				"CODE_SIGN_IDENTITY[sdk=iphoneos*]" = "iPhone Developer";
				COPY_PHASE_STRIP = YES;
				ENABLE_NS_ASSERTIONS = NO;
				GCC_C_LANGUAGE_STANDARD = gnu99;
				GCC_WARN_64_TO_32_BIT_CONVERSION = YES;
				GCC_WARN_ABOUT_RETURN_TYPE = YES_ERROR;
				GCC_WARN_UNDECLARED_SELECTOR = YES;
				GCC_WARN_UNINITIALIZED_AUTOS = YES_AGGRESSIVE;
				GCC_WARN_UNUSED_FUNCTION = YES;
				GCC_WARN_UNUSED_VARIABLE = YES;
				IPHONEOS_DEPLOYMENT_TARGET = 7.1;
				SDKROOT = iphoneos;
				TARGETED_DEVICE_FAMILY = "1,2";
				VALIDATE_PRODUCT = YES;
			};
			name = Release;
		};
		AF9EC3F819604FFF004D0A5A /* Debug */ = {
			isa = XCBuildConfiguration;
			buildSettings = {
				ASSETCATALOG_COMPILER_APPICON_NAME = AppIcon;
				ASSETCATALOG_COMPILER_LAUNCHIMAGE_NAME = LaunchImage;
				CLANG_ENABLE_OBJC_ARC = NO;
				GCC_PRECOMPILE_PREFIX_HEADER = YES;
				GCC_PREFIX_HEADER = "MBUtils/MBUtils-Prefix.pch";
				INFOPLIST_FILE = "MBUtils/MBUtils-Info.plist";
				ONLY_ACTIVE_ARCH = NO;
				PRODUCT_NAME = "$(TARGET_NAME)";
				WRAPPER_EXTENSION = app;
			};
			name = Debug;
		};
		AF9EC3F919604FFF004D0A5A /* Release */ = {
			isa = XCBuildConfiguration;
			buildSettings = {
				ASSETCATALOG_COMPILER_APPICON_NAME = AppIcon;
				ASSETCATALOG_COMPILER_LAUNCHIMAGE_NAME = LaunchImage;
				CLANG_ENABLE_OBJC_ARC = NO;
				GCC_PRECOMPILE_PREFIX_HEADER = YES;
				GCC_PREFIX_HEADER = "MBUtils/MBUtils-Prefix.pch";
				INFOPLIST_FILE = "MBUtils/MBUtils-Info.plist";
				PRODUCT_NAME = "$(TARGET_NAME)";
				WRAPPER_EXTENSION = app;
			};
			name = Release;
		};
		AF9EC3FB19604FFF004D0A5A /* Debug */ = {
			isa = XCBuildConfiguration;
			buildSettings = {
				BUNDLE_LOADER = "$(BUILT_PRODUCTS_DIR)/MBUtils.app/MBUtils";
				FRAMEWORK_SEARCH_PATHS = (
					"$(SDKROOT)/Developer/Library/Frameworks",
					"$(inherited)",
					"$(DEVELOPER_FRAMEWORKS_DIR)",
				);
				GCC_PRECOMPILE_PREFIX_HEADER = YES;
				GCC_PREFIX_HEADER = "MBUtils/MBUtils-Prefix.pch";
				GCC_PREPROCESSOR_DEFINITIONS = (
					"DEBUG=1",
					"$(inherited)",
				);
				INFOPLIST_FILE = "MBUtilsTests/MBUtilsTests-Info.plist";
				PRODUCT_NAME = "$(TARGET_NAME)";
				TEST_HOST = "$(BUNDLE_LOADER)";
				WRAPPER_EXTENSION = xctest;
			};
			name = Debug;
		};
		AF9EC3FC19604FFF004D0A5A /* Release */ = {
			isa = XCBuildConfiguration;
			buildSettings = {
				BUNDLE_LOADER = "$(BUILT_PRODUCTS_DIR)/MBUtils.app/MBUtils";
				FRAMEWORK_SEARCH_PATHS = (
					"$(SDKROOT)/Developer/Library/Frameworks",
					"$(inherited)",
					"$(DEVELOPER_FRAMEWORKS_DIR)",
				);
				GCC_PRECOMPILE_PREFIX_HEADER = YES;
				GCC_PREFIX_HEADER = "MBUtils/MBUtils-Prefix.pch";
				INFOPLIST_FILE = "MBUtilsTests/MBUtilsTests-Info.plist";
				PRODUCT_NAME = "$(TARGET_NAME)";
				TEST_HOST = "$(BUNDLE_LOADER)";
				WRAPPER_EXTENSION = xctest;
			};
			name = Release;
		};
/* End XCBuildConfiguration section */

/* Begin XCConfigurationList section */
		AF9EC3C619604FFF004D0A5A /* Build configuration list for PBXProject "MBUtils" */ = {
			isa = XCConfigurationList;
			buildConfigurations = (
				AF9EC3F519604FFF004D0A5A /* Debug */,
				AF9EC3F619604FFF004D0A5A /* Release */,
			);
			defaultConfigurationIsVisible = 0;
			defaultConfigurationName = Release;
		};
		AF9EC3F719604FFF004D0A5A /* Build configuration list for PBXNativeTarget "MBUtils" */ = {
			isa = XCConfigurationList;
			buildConfigurations = (
				AF9EC3F819604FFF004D0A5A /* Debug */,
				AF9EC3F919604FFF004D0A5A /* Release */,
			);
			defaultConfigurationIsVisible = 0;
			defaultConfigurationName = Release;
		};
		AF9EC3FA19604FFF004D0A5A /* Build configuration list for PBXNativeTarget "MBUtilsTests" */ = {
			isa = XCConfigurationList;
			buildConfigurations = (
				AF9EC3FB19604FFF004D0A5A /* Debug */,
				AF9EC3FC19604FFF004D0A5A /* Release */,
			);
			defaultConfigurationIsVisible = 0;
			defaultConfigurationName = Release;
		};
/* End XCConfigurationList section */
	};
	rootObject = AF9EC3C319604FFF004D0A5A /* Project object */;
}
